Microsoft Visual Studio Solution File, Format Version 12.00
# Visual Studio Version 17
VisualStudioVersion = 17.5.2.0
MinimumVisualStudioVersion = 10.0.40219.1
Project("{FAE04EC0-301F-11D3-BF4B-00C04F79EFBC}") = "dpa", "dpa.csproj", "{B53C3CBF-980A-00D0-A64C-0D1BE809BDE3}"
EndProject
Project("{FAE04EC0-301F-11D3-BF4B-00C04F79EFBC}") = "TPMSigner", "TPMSigner\TPMSigner.csproj", "{8B83A6AD-62C9-B4AF-7BD9-B5E0F6A3322E}"
EndProject
Global
	GlobalSection(SolutionConfigurationPlatforms) = preSolution
		Debug|Any CPU = Debug|Any CPU
		Release|Any CPU = Release|Any CPU
	EndGlobalSection
	GlobalSection(ProjectConfigurationPlatforms) = postSolution
		{B53C3CBF-980A-00D0-A64C-0D1BE809BDE3}.Debug|Any CPU.ActiveCfg = Debug|Any CPU
		{B53C3CBF-980A-00D0-A64C-0D1BE809BDE3}.Debug|Any CPU.Build.0 = Debug|Any CPU
		{B53C3CBF-980A-00D0-A64C-0D1BE809BDE3}.Release|Any CPU.ActiveCfg = Release|Any CPU
		{B53C3CBF-980A-00D0-A64C-0D1BE809BDE3}.Release|Any CPU.Build.0 = Release|Any CPU
		{8B83A6AD-62C9-B4AF-7BD9-B5E0F6A3322E}.Debug|Any CPU.ActiveCfg = Debug|Any CPU
		{8B83A6AD-62C9-B4AF-7BD9-B5E0F6A3322E}.Debug|Any CPU.Build.0 = Debug|Any CPU
		{8B83A6AD-62C9-B4AF-7BD9-B5E0F6A3322E}.Release|Any CPU.ActiveCfg = Release|Any CPU
		{8B83A6AD-62C9-B4AF-7BD9-B5E0F6A3322E}.Release|Any CPU.Build.0 = Release|Any CPU
	EndGlobalSection
	GlobalSection(SolutionProperties) = preSolution
		HideSolutionNode = FALSE
	EndGlobalSection
	GlobalSection(ExtensibilityGlobals) = postSolution
		SolutionGuid = {168CB249-AB4C-4829-B89E-BA2BCB20E65F}
	EndGlobalSection
EndGlobal
